
Microsoft Visual Studio Solution File, Format Version 12.00
# Visual Studio Version 17
VisualStudioVersion = 17.9.34622.214
MinimumVisualStudioVersion = 10.0.40219.1
Project("{FAE04EC0-301F-11D3-BF4B-00C04F79EFBC}") = "PeanutGoesBoom-exiled", "PeanutGoesBoom-exiled\PeanutGoesBoom-exiled.csproj", "{AFF38ACB-CE85-425B-A3FA-A1D2E263C350}"
EndProject
Global
	GlobalSection(SolutionConfigurationPlatforms) = preSolution
		Debug|Any CPU = Debug|Any CPU
		Release|Any CPU = Release|Any CPU
	EndGlobalSection
	GlobalSection(ProjectConfigurationPlatforms) = postSolution
		{AFF38ACB-CE85-425B-A3FA-A1D2E263C350}.Debug|Any CPU.ActiveCfg = Debug|Any CPU
		{AFF38ACB-CE85-425B-A3FA-A1D2E263C350}.Debug|Any CPU.Build.0 = Debug|Any CPU
		{AFF38ACB-CE85-425B-A3FA-A1D2E263C350}.Release|Any CPU.ActiveCfg = Release|Any CPU
		{AFF38ACB-CE85-425B-A3FA-A1D2E263C350}.Release|Any CPU.Build.0 = Release|Any CPU
	EndGlobalSection
	GlobalSection(SolutionProperties) = preSolution
		HideSolutionNode = FALSE
	EndGlobalSection
	GlobalSection(ExtensibilityGlobals) = postSolution
		SolutionGuid = {472A0E29-A9B5-47FB-ABA9-05901DC1E601}
	EndGlobalSection
EndGlobal
